Microsoft Visual Studio Solution File, Format Version 11.00
# Visual Studio 2008

Project("{A1C794F3-869E-C30B-DD0D-8C62F99F1361}") = "VoxelEnivronment", "Assembly-CSharp.csproj", "{9B254F02-6E08-544B-CDED-6FFBE0EFFBA1}"
EndProject
Global
	GlobalSection(SolutionConfigurationPlatforms) = preSolution
		Debug|Any CPU = Debug|Any CPU
		Release|Any CPU = Release|Any CPU
	EndGlobalSection
	GlobalSection(ProjectConfigurationPlatforms) = postSolution
		{9B254F02-6E08-544B-CDED-6FFBE0EFFBA1}.Debug|Any CPU.ActiveCfg = Debug|Any CPU
		{9B254F02-6E08-544B-CDED-6FFBE0EFFBA1}.Debug|Any CPU.Build.0 = Debug|Any CPU
		{9B254F02-6E08-544B-CDED-6FFBE0EFFBA1}.Release|Any CPU.ActiveCfg = Release|Any CPU
		{9B254F02-6E08-544B-CDED-6FFBE0EFFBA1}.Release|Any CPU.Build.0 = Release|Any CPU
	EndGlobalSection
	GlobalSection(SolutionProperties) = preSolution
		HideSolutionNode = FALSE
	EndGlobalSection
	GlobalSection(MonoDevelopProperties) = preSolution
		StartupItem = Assembly-CSharp.csproj
	EndGlobalSection
EndGlobal
